
Microsoft Visual Studio Solution File, Format Version 12.00
# Visual Studio 15
VisualStudioVersion = 15.0.28307.572
MinimumVisualStudioVersion = 10.0.40219.1
Project("{9A19103F-16F7-4668-BE54-9A1E7A4F7556}") = "ScrumPoker", "ScrumPoker\ScrumPoker.csproj", "{BB4A72E8-1784-442B-A8A7-495781580EC2}"
EndProject
Global
	GlobalSection(SolutionConfigurationPlatforms) = preSolution
		Debug|Any CPU = Debug|Any CPU
		Release|Any CPU = Release|Any CPU
	EndGlobalSection
	GlobalSection(ProjectConfigurationPlatforms) = postSolution
		{BB4A72E8-1784-442B-A8A7-495781580EC2}.Debug|Any CPU.ActiveCfg = Debug|Any CPU
		{BB4A72E8-1784-442B-A8A7-495781580EC2}.Debug|Any CPU.Build.0 = Debug|Any CPU
		{BB4A72E8-1784-442B-A8A7-495781580EC2}.Release|Any CPU.ActiveCfg = Release|Any CPU
		{BB4A72E8-1784-442B-A8A7-495781580EC2}.Release|Any CPU.Build.0 = Release|Any CPU
	EndGlobalSection
	GlobalSection(SolutionProperties) = preSolution
		HideSolutionNode = FALSE
	EndGlobalSection
	GlobalSection(ExtensibilityGlobals) = postSolution
		SolutionGuid = {AE372DEB-7D44-42C2-9CC6-A0DC727600A8}
	EndGlobalSection
EndGlobal
